
Microsoft Visual Studio Solution File, Format Version 12.00
# Visual Studio 15
VisualStudioVersion = 15.0.28307.757
MinimumVisualStudioVersion = 10.0.40219.1
Project("{FAE04EC0-301F-11D3-BF4B-00C04F79EFBC}") = "Projeto Final_PA", "Projeto Final_PA\Projeto Final_PA.csproj", "{0A913DD6-3722-450E-B437-F09956DF4755}"
EndProject
Global
	GlobalSection(SolutionConfigurationPlatforms) = preSolution
		Debug|Any CPU = Debug|Any CPU
		Release|Any CPU = Release|Any CPU
	EndGlobalSection
	GlobalSection(ProjectConfigurationPlatforms) = postSolution
		{0A913DD6-3722-450E-B437-F09956DF4755}.Debug|Any CPU.ActiveCfg = Debug|Any CPU
		{0A913DD6-3722-450E-B437-F09956DF4755}.Debug|Any CPU.Build.0 = Debug|Any CPU
		{0A913DD6-3722-450E-B437-F09956DF4755}.Release|Any CPU.ActiveCfg = Release|Any CPU
		{0A913DD6-3722-450E-B437-F09956DF4755}.Release|Any CPU.Build.0 = Release|Any CPU
	EndGlobalSection
	GlobalSection(SolutionProperties) = preSolution
		HideSolutionNode = FALSE
	EndGlobalSection
	GlobalSection(ExtensibilityGlobals) = postSolution
		SolutionGuid = {0FDE4410-33D8-49D6-92E0-F234EB6C6F1E}
	EndGlobalSection
EndGlobal
